
Microsoft Visual Studio Solution File, Format Version 12.00
# Visual Studio Version 16
VisualStudioVersion = 16.0.28803.156
MinimumVisualStudioVersion = 10.0.40219.1
Project("{FAE04EC0-301F-11D3-BF4B-00C04F79EFBC}") = "WebsocketBroadcaster", "WebsocketBroadcaster\WebsocketBroadcaster.csproj", "{55D8BD33-896B-4072-90D7-0739C55CE1E8}"
EndProject
Global
	GlobalSection(SolutionConfigurationPlatforms) = preSolution
		Debug|Any CPU = Debug|Any CPU
		Release|Any CPU = Release|Any CPU
	EndGlobalSection
	GlobalSection(ProjectConfigurationPlatforms) = postSolution
		{55D8BD33-896B-4072-90D7-0739C55CE1E8}.Debug|Any CPU.ActiveCfg = Debug|Any CPU
		{55D8BD33-896B-4072-90D7-0739C55CE1E8}.Debug|Any CPU.Build.0 = Debug|Any CPU
		{55D8BD33-896B-4072-90D7-0739C55CE1E8}.Release|Any CPU.ActiveCfg = Release|Any CPU
		{55D8BD33-896B-4072-90D7-0739C55CE1E8}.Release|Any CPU.Build.0 = Release|Any CPU
	EndGlobalSection
	GlobalSection(SolutionProperties) = preSolution
		HideSolutionNode = FALSE
	EndGlobalSection
	GlobalSection(ExtensibilityGlobals) = postSolution
		SolutionGuid = {3014C641-AE35-4093-8200-E4DCCA2269AC}
	EndGlobalSection
EndGlobal
